<?xml version="1.0" encoding="utf-8"?>
<Project ToolsVersion="4.0" xmlns="http://schemas.microsoft.com/developer/msbuild/2003">
  <ItemGroup>
    <Filter Include="Header Files">
      <UniqueIdentifier>{93995380-89BD-4b04-88EB-625FBE52EBFB}</UniqueIdentifier>
      <Extensions>h;hpp;hxx;hm;inl;inc;xsd</Extensions>
    </Filter>
    <Filter Include="Resource Files">
      <UniqueIdentifier>{67DA6AB6-F800-4c08-8B7A-83BB121AAD01}</UniqueIdentifier>
      <Extensions>rc;ico;cur;bmp;dlg;rc2;rct;bin;rgs;gif;jpg;jpeg;jpe;resx;tiff;tif;png;wav;mfcribbon-ms</Extensions>
    </Filter>
    <Filter Include="Test Files">
      <UniqueIdentifier>{c9eff7c2-a2d0-4bb0-bc25-60fade5e4684}</UniqueIdentifier>
    </Filter>
  </ItemGroup>
  <ItemGroup>
    <ClCompile Include="..\Excalibur\board.cpp">
      <Filter>Resource Files</Filter>
    </ClCompile>
    <ClCompile Include="move_test.cpp">
      <Filter>Test Files</Filter>
    </ClCompile>
    <ClCompile Include="..\Excalibur\movegen.cpp">
      <Filter>Resource Files</Filter>
    </ClCompile>
    <ClCompile Include="other_test.cpp">
      <Filter>Test Files</Filter>
    </ClCompile>
    <ClCompile Include="..\Excalibur\position.cpp">
      <Filter>Resource Files</Filter>
    </ClCompile>
    <ClCompile Include="..\Excalibur\utils.cpp">
      <Filter>Resource Files</Filter>
    </ClCompile>
    <ClCompile Include="..\Excalibur\perft.cpp">
      <Filter>Resource Files</Filter>
    </ClCompile>
    <ClCompile Include="..\Excalibur\eval.cpp">
      <Filter>Resource Files</Filter>
    </ClCompile>
    <ClCompile Include="..\Excalibur\endgame.cpp">
      <Filter>Resource Files</Filter>
    </ClCompile>
    <ClCompile Include="..\Excalibur\kpkbase.cpp">
      <Filter>Resource Files</Filter>
    </ClCompile>
    <ClCompile Include="..\Excalibur\material.cpp">
      <Filter>Resource Files</Filter>
    </ClCompile>
    <ClCompile Include="board_test.cpp">
      <Filter>Test Files</Filter>
    </ClCompile>
    <ClCompile Include="..\Excalibur\search.cpp">
      <Filter>Resource Files</Filter>
    </ClCompile>
    <ClCompile Include="..\Excalibur\ttable.cpp">
      <Filter>Resource Files</Filter>
    </ClCompile>
    <ClCompile Include="..\Excalibur\thread.cpp">
      <Filter>Resource Files</Filter>
    </ClCompile>
    <ClCompile Include="thread_test.cpp">
      <Filter>Test Files</Filter>
    </ClCompile>
    <ClCompile Include="..\Excalibur\uci.cpp">
      <Filter>Resource Files</Filter>
    </ClCompile>
    <ClCompile Include="..\Excalibur\pawnshield.cpp">
      <Filter>Resource Files</Filter>
    </ClCompile>
    <ClCompile Include="..\Excalibur\timer.cpp">
      <Filter>Resource Files</Filter>
    </ClCompile>
    <ClCompile Include="..\Excalibur\openbook.cpp">
      <Filter>Resource Files</Filter>
    </ClCompile>
    <ClCompile Include="..\Excalibur\think.cpp">
      <Filter>Resource Files</Filter>
    </ClCompile>
    <ClCompile Include="..\Excalibur\movesort.cpp">
      <Filter>Resource Files</Filter>
    </ClCompile>
  </ItemGroup>
  <ItemGroup>
    <ClInclude Include="tests.h">
      <Filter>Header Files</Filter>
    </ClInclude>
  </ItemGroup>
</Project>